// !$*UTF8*$!
{
	archiveVersion = 1;
	classes = {
	};
	objectVersion = 51;
	objects = {

/* Begin PBXBuildFile section */
		12D55E64782FF33C47F7550F /* Pods_Parstagram_ParstagramUITests.framework in Frameworks */ = {isa = PBXBuildFile; fileRef = 2CE923DE360E68B16F4F4BDD /* Pods_Parstagram_ParstagramUITests.framework */; };
		1477A5A22407379A00C2BEC7 /* AppDelegate.swift in Sources */ = {isa = PBXBuildFile; fileRef = 1477A5A12407379A00C2BEC7 /* AppDelegate.swift */; };
		1477A5A42407379A00C2BEC7 /* SceneDelegate.swift in Sources */ = {isa = PBXBuildFile; fileRef = 1477A5A32407379A00C2BEC7 /* SceneDelegate.swift */; };
		1477A5A92407379A00C2BEC7 /* Main.storyboard in Resources */ = {isa = PBXBuildFile; fileRef = 1477A5A72407379A00C2BEC7 /* Main.storyboard */; };
		1477A5AB2407379D00C2BEC7 /* Assets.xcassets in Resources */ = {isa = PBXBuildFile; fileRef = 1477A5AA2407379D00C2BEC7 /* Assets.xcassets */; };
		1477A5AE2407379D00C2BEC7 /* LaunchScreen.storyboard in Resources */ = {isa = PBXBuildFile; fileRef = 1477A5AC2407379D00C2BEC7 /* LaunchScreen.storyboard */; };
		1477A5B92407379E00C2BEC7 /* ParstagramTests.swift in Sources */ = {isa = PBXBuildFile; fileRef = 1477A5B82407379E00C2BEC7 /* ParstagramTests.swift */; };
		1477A5C42407379E00C2BEC7 /* ParstagramUITests.swift in Sources */ = {isa = PBXBuildFile; fileRef = 1477A5C32407379E00C2BEC7 /* ParstagramUITests.swift */; };
		1477A5D22407459400C2BEC7 /* LoginViewController.swift in Sources */ = {isa = PBXBuildFile; fileRef = 1477A5D12407459400C2BEC7 /* LoginViewController.swift */; };
		1477A5D4240745B900C2BEC7 /* FeedViewController.swift in Sources */ = {isa = PBXBuildFile; fileRef = 1477A5D3240745B900C2BEC7 /* FeedViewController.swift */; };
		1477A5D6240750B100C2BEC7 /* CameraViewController.swift in Sources */ = {isa = PBXBuildFile; fileRef = 1477A5D5240750B100C2BEC7 /* CameraViewController.swift */; };
		1477A5D82408168D00C2BEC7 /* PostCell.swift in Sources */ = {isa = PBXBuildFile; fileRef = 1477A5D72408168D00C2BEC7 /* PostCell.swift */; };
		CAB0DB45F85C60402F2D71B8 /* Pods_Parstagram.framework in Frameworks */ = {isa = PBXBuildFile; fileRef = ED60702AE343BA6D2D568CEB /* Pods_Parstagram.framework */; };
		ED1E13D429438EE6425FC090 /* Pods_ParstagramTests.framework in Frameworks */ = {isa = PBXBuildFile; fileRef = BE4BDD1697E5584085DD3F88 /* Pods_ParstagramTests.framework */; };
/* End PBXBuildFile section */

/* Begin PBXContainerItemProxy section */
		1477A5B52407379E00C2BEC7 /* PBXContainerItemProxy */ = {
			isa = PBXContainerItemProxy;
			containerPortal = 1477A5962407379A00C2BEC7 /* Project object */;
			proxyType = 1;
			remoteGlobalIDString = 1477A59D2407379A00C2BEC7;
			remoteInfo = Parstagram;
		};
		1477A5C02407379E00C2BEC7 /* PBXContainerItemProxy */ = {
			isa = PBXContainerItemProxy;
			containerPortal = 1477A5962407379A00C2BEC7 /* Project object */;
			proxyType = 1;
			remoteGlobalIDString = 1477A59D2407379A00C2BEC7;
			remoteInfo = Parstagram;
		};
/* End PBXContainerItemProxy section */

/* Begin PBXFileReference section */
		1477A59E2407379A00C2BEC7 /* Parstagram.app */ = {isa = PBXFileReference; explicitFileType = wrapper.application; includeInIndex = 0; path = Parstagram.app; sourceTree = BUILT_PRODUCTS_DIR; };
		1477A5A12407379A00C2BEC7 /* AppDelegate.swift */ = {isa = PBXFileReference; lastKnownFileType = sourcecode.swift; path = AppDelegate.swift; sourceTree = "<group>"; };
		1477A5A32407379A00C2BEC7 /* SceneDelegate.swift */ = {isa = PBXFileReference; lastKnownFileType = sourcecode.swift; path = SceneDelegate.swift; sourceTree = "<group>"; };
		1477A5A82407379A00C2BEC7 /* Base */ = {isa = PBXFileReference; lastKnownFileType = file.storyboard; name = Base; path = Base.lproj/Main.storyboard; sourceTree = "<group>"; };
		1477A5AA2407379D00C2BEC7 /* Assets.xcassets */ = {isa = PBXFileReference; lastKnownFileType = folder.assetcatalog; path = Assets.xcassets; sourceTree = "<group>"; };
		1477A5AD2407379D00C2BEC7 /* Base */ = {isa = PBXFileReference; lastKnownFileType = file.storyboard; name = Base; path = Base.lproj/LaunchScreen.storyboard; sourceTree = "<group>"; };
		1477A5AF2407379D00C2BEC7 /* Info.plist */ = {isa = PBXFileReference; lastKnownFileType = text.plist.xml; path = Info.plist; sourceTree = "<group>"; };
		1477A5B42407379E00C2BEC7 /* ParstagramTests.xctest */ = {isa = PBXFileReference; explicitFileType = wrapper.cfbundle; includeInIndex = 0; path = ParstagramTests.xctest; sourceTree = BUILT_PRODUCTS_DIR; };
		1477A5B82407379E00C2BEC7 /* ParstagramTests.swift */ = {isa = PBXFileReference; lastKnownFileType = sourcecode.swift; path = ParstagramTests.swift; sourceTree = "<group>"; };
		1477A5BA2407379E00C2BEC7 /* Info.plist */ = {isa = PBXFileReference; lastKnownFileType = text.plist.xml; path = Info.plist; sourceTree = "<group>"; };
		1477A5BF2407379E00C2BEC7 /* ParstagramUITests.xctest */ = {isa = PBXFileReference; explicitFileType = wrapper.cfbundle; includeInIndex = 0; path = ParstagramUITests.xctest; sourceTree = BUILT_PRODUCTS_DIR; };
		1477A5C32407379E00C2BEC7 /* ParstagramUITests.swift */ = {isa = PBXFileReference; lastKnownFileType = sourcecode.swift; path = ParstagramUITests.swift; sourceTree = "<group>"; };
		1477A5C52407379E00C2BEC7 /* Info.plist */ = {isa = PBXFileReference; lastKnownFileType = text.plist.xml; path = Info.plist; sourceTree = "<group>"; };
		1477A5D12407459400C2BEC7 /* LoginViewController.swift */ = {isa = PBXFileReference; lastKnownFileType = sourcecode.swift; path = LoginViewController.swift; sourceTree = "<group>"; };
		1477A5D3240745B900C2BEC7 /* FeedViewController.swift */ = {isa = PBXFileReference; lastKnownFileType = sourcecode.swift; path = FeedViewController.swift; sourceTree = "<group>"; };
		1477A5D5240750B100C2BEC7 /* CameraViewController.swift */ = {isa = PBXFileReference; lastKnownFileType = sourcecode.swift; path = CameraViewController.swift; sourceTree = "<group>"; };
		1477A5D72408168D00C2BEC7 /* PostCell.swift */ = {isa = PBXFileReference; lastKnownFileType = sourcecode.swift; path = PostCell.swift; sourceTree = "<group>"; };
		2CE923DE360E68B16F4F4BDD /* Pods_Parstagram_ParstagramUITests.framework */ = {isa = PBXFileReference; explicitFileType = wrapper.framework; includeInIndex = 0; path = Pods_Parstagram_ParstagramUITests.framework; sourceTree = BUILT_PRODUCTS_DIR; };
		7C33190CC916401FBA2074F5 /* Pods-Parstagram-ParstagramUITests.debug.xcconfig */ = {isa = PBXFileReference; includeInIndex = 1; lastKnownFileType = text.xcconfig; name = "Pods-Parstagram-ParstagramUITests.debug.xcconfig"; path = "Target Support Files/Pods-Parstagram-ParstagramUITests/Pods-Parstagram-ParstagramUITests.debug.xcconfig"; sourceTree = "<group>"; };
		AE81A0EEAA8EA14566316767 /* Pods-ParstagramTests.release.xcconfig */ = {isa = PBXFileReference; includeInIndex = 1; lastKnownFileType = text.xcconfig; name = "Pods-ParstagramTests.release.xcconfig"; path = "Target Support Files/Pods-ParstagramTests/Pods-ParstagramTests.release.xcconfig"; sourceTree = "<group>"; };
		BE4BDD1697E5584085DD3F88 /* Pods_ParstagramTests.framework */ = {isa = PBXFileReference; explicitFileType = wrapper.framework; includeInIndex = 0; path = Pods_ParstagramTests.framework; sourceTree = BUILT_PRODUCTS_DIR; };
		C0C5787F5B6921BB031D5291 /* Pods-Parstagram.release.xcconfig */ = {isa = PBXFileReference; includeInIndex = 1; lastKnownFileType = text.xcconfig; name = "Pods-Parstagram.release.xcconfig"; path = "Target Support Files/Pods-Parstagram/Pods-Parstagram.release.xcconfig"; sourceTree = "<group>"; };
		D43C7789A09F77A90A1DFD67 /* Pods-ParstagramTests.debug.xcconfig */ = {isa = PBXFileReference; includeInIndex = 1; lastKnownFileType = text.xcconfig; name = "Pods-ParstagramTests.debug.xcconfig"; path = "Target Support Files/Pods-ParstagramTests/Pods-ParstagramTests.debug.xcconfig"; sourceTree = "<group>"; };
		D4B879EEEB2C141E8A583C6D /* Pods-Parstagram.debug.xcconfig */ = {isa = PBXFileReference; includeInIndex = 1; lastKnownFileType = text.xcconfig; name = "Pods-Parstagram.debug.xcconfig"; path = "Target Support Files/Pods-Parstagram/Pods-Parstagram.debug.xcconfig"; sourceTree = "<group>"; };
		ED60702AE343BA6D2D568CEB /* Pods_Parstagram.framework */ = {isa = PBXFileReference; explicitFileType = wrapper.framework; includeInIndex = 0; path = Pods_Parstagram.framework; sourceTree = BUILT_PRODUCTS_DIR; };
		FF5B771A77B0402542B4EC24 /* Pods-Parstagram-ParstagramUITests.release.xcconfig */ = {isa = PBXFileReference; includeInIndex = 1; lastKnownFileType = text.xcconfig; name = "Pods-Parstagram-ParstagramUITests.release.xcconfig"; path = "Target Support Files/Pods-Parstagram-ParstagramUITests/Pods-Parstagram-ParstagramUITests.release.xcconfig"; sourceTree = "<group>"; };
/* End PBXFileReference section */

/* Begin PBXFrameworksBuildPhase section */
		1477A59B2407379A00C2BEC7 /* Frameworks */ = {
			isa = PBXFrameworksBuildPhase;
			buildActionMask = 2147483647;
			files = (
				CAB0DB45F85C60402F2D71B8 /* Pods_Parstagram.framework in Frameworks */,
			);
			runOnlyForDeploymentPostprocessing = 0;
		};
		1477A5B12407379E00C2BEC7 /* Frameworks */ = {
			isa = PBXFrameworksBuildPhase;
			buildActionMask = 2147483647;
			files = (
				ED1E13D429438EE6425FC090 /* Pods_ParstagramTests.framework in Frameworks */,
			);
			runOnlyForDeploymentPostprocessing = 0;
		};
		1477A5BC2407379E00C2BEC7 /* Frameworks */ = {
			isa = PBXFrameworksBuildPhase;
			buildActionMask = 2147483647;
			files = (
				12D55E64782FF33C47F7550F /* Pods_Parstagram_ParstagramUITests.framework in Frameworks */,
			);
			runOnlyForDeploymentPostprocessing = 0;
		};
/* End PBXFrameworksBuildPhase section */

/* Begin PBXGroup section */
		1477A5952407379A00C2BEC7 = {
			isa = PBXGroup;
			children = (
				1477A5A02407379A00C2BEC7 /* Parstagram */,
				1477A5B72407379E00C2BEC7 /* ParstagramTests */,
				1477A5C22407379E00C2BEC7 /* ParstagramUITests */,
				1477A59F2407379A00C2BEC7 /* Products */,
				40B89B1F96BB03051D00C18F /* Pods */,
				EEF62AA6D4061D2DD4614F13 /* Frameworks */,
			);
			sourceTree = "<group>";
		};
		1477A59F2407379A00C2BEC7 /* Products */ = {
			isa = PBXGroup;
			children = (
				1477A59E2407379A00C2BEC7 /* Parstagram.app */,
				1477A5B42407379E00C2BEC7 /* ParstagramTests.xctest */,
				1477A5BF2407379E00C2BEC7 /* ParstagramUITests.xctest */,
			);
			name = Products;
			sourceTree = "<group>";
		};
		1477A5A02407379A00C2BEC7 /* Parstagram */ = {
			isa = PBXGroup;
			children = (
				1477A5A12407379A00C2BEC7 /* AppDelegate.swift */,
				1477A5A32407379A00C2BEC7 /* SceneDelegate.swift */,
				1477A5D12407459400C2BEC7 /* LoginViewController.swift */,
				1477A5D3240745B900C2BEC7 /* FeedViewController.swift */,
				1477A5D5240750B100C2BEC7 /* CameraViewController.swift */,
				1477A5D72408168D00C2BEC7 /* PostCell.swift */,
				1477A5AC2407379D00C2BEC7 /* LaunchScreen.storyboard */,
				1477A5A72407379A00C2BEC7 /* Main.storyboard */,
				1477A5AA2407379D00C2BEC7 /* Assets.xcassets */,
				1477A5AF2407379D00C2BEC7 /* Info.plist */,
			);
			path = Parstagram;
			sourceTree = "<group>";
		};
		1477A5B72407379E00C2BEC7 /* ParstagramTests */ = {
			isa = PBXGroup;
			children = (
				1477A5B82407379E00C2BEC7 /* ParstagramTests.swift */,
				1477A5BA2407379E00C2BEC7 /* Info.plist */,
			);
			path = ParstagramTests;
			sourceTree = "<group>";
		};
		1477A5C22407379E00C2BEC7 /* ParstagramUITests */ = {
			isa = PBXGroup;
			children = (
				1477A5C32407379E00C2BEC7 /* ParstagramUITests.swift */,
				1477A5C52407379E00C2BEC7 /* Info.plist */,
			);
			path = ParstagramUITests;
			sourceTree = "<group>";
		};
		40B89B1F96BB03051D00C18F /* Pods */ = {
			isa = PBXGroup;
			children = (
				D4B879EEEB2C141E8A583C6D /* Pods-Parstagram.debug.xcconfig */,
				C0C5787F5B6921BB031D5291 /* Pods-Parstagram.release.xcconfig */,
				7C33190CC916401FBA2074F5 /* Pods-Parstagram-ParstagramUITests.debug.xcconfig */,
				FF5B771A77B0402542B4EC24 /* Pods-Parstagram-ParstagramUITests.release.xcconfig */,
				D43C7789A09F77A90A1DFD67 /* Pods-ParstagramTests.debug.xcconfig */,
				AE81A0EEAA8EA14566316767 /* Pods-ParstagramTests.release.xcconfig */,
			);
			path = Pods;
			sourceTree = "<group>";
		};
		EEF62AA6D4061D2DD4614F13 /* Frameworks */ = {
			isa = PBXGroup;
			children = (
				ED60702AE343BA6D2D568CEB /* Pods_Parstagram.framework */,
				2CE923DE360E68B16F4F4BDD /* Pods_Parstagram_ParstagramUITests.framework */,
				BE4BDD1697E5584085DD3F88 /* Pods_ParstagramTests.framework */,
			);
			name = Frameworks;
			sourceTree = "<group>";
		};
/* End PBXGroup section */

/* Begin PBXNativeTarget section */
		1477A59D2407379A00C2BEC7 /* Parstagram */ = {
			isa = PBXNativeTarget;
			buildConfigurationList = 1477A5C82407379E00C2BEC7 /* Build configuration list for PBXNativeTarget "Parstagram" */;
			buildPhases = (
				AB58C7B060081BB054654FEB /* [CP] Check Pods Manifest.lock */,
				1477A59A2407379A00C2BEC7 /* Sources */,
				1477A59B2407379A00C2BEC7 /* Frameworks */,
				1477A59C2407379A00C2BEC7 /* Resources */,
				90D386A1766A1DCAF6A3EFFA /* [CP] Embed Pods Frameworks */,
			);
			buildRules = (
			);
			dependencies = (
			);
			name = Parstagram;
			productName = Parstagram;
			productReference = 1477A59E2407379A00C2BEC7 /* Parstagram.app */;
			productType = "com.apple.product-type.application";
		};
		1477A5B32407379E00C2BEC7 /* ParstagramTests */ = {
			isa = PBXNativeTarget;
			buildConfigurationList = 1477A5CB2407379E00C2BEC7 /* Build configuration list for PBXNativeTarget "ParstagramTests" */;
			buildPhases = (
				0B4E68C06EB4D9A7959A1E38 /* [CP] Check Pods Manifest.lock */,
				1477A5B02407379E00C2BEC7 /* Sources */,
				1477A5B12407379E00C2BEC7 /* Frameworks */,
				1477A5B22407379E00C2BEC7 /* Resources */,
			);
			buildRules = (
			);
			dependencies = (
				1477A5B62407379E00C2BEC7 /* PBXTargetDependency */,
			);
			name = ParstagramTests;
			productName = ParstagramTests;
			productReference = 1477A5B42407379E00C2BEC7 /* ParstagramTests.xctest */;
			productType = "com.apple.product-type.bundle.unit-test";
		};
		1477A5BE2407379E00C2BEC7 /* ParstagramUITests */ = {
			isa = PBXNativeTarget;
			buildConfigurationList = 1477A5CE2407379E00C2BEC7 /* Build configuration list for PBXNativeTarget "ParstagramUITests" */;
			buildPhases = (
				F129D396713079126D1151E4 /* [CP] Check Pods Manifest.lock */,
				1477A5BB2407379E00C2BEC7 /* Sources */,
				1477A5BC2407379E00C2BEC7 /* Frameworks */,
				1477A5BD2407379E00C2BEC7 /* Resources */,
				B49EA43AF573CEF5CF3F8346 /* [CP] Embed Pods Frameworks */,
			);
			buildRules = (
			);
			dependencies = (
				1477A5C12407379E00C2BEC7 /* PBXTargetDependency */,
			);
			name = ParstagramUITests;
			productName = ParstagramUITests;
			productReference = 1477A5BF2407379E00C2BEC7 /* ParstagramUITests.xctest */;
			productType = "com.apple.product-type.bundle.ui-testing";
		};
/* End PBXNativeTarget section */

/* Begin PBXProject section */
		1477A5962407379A00C2BEC7 /* Project object */ = {
			isa = PBXProject;
			attributes = {
				LastSwiftUpdateCheck = 1130;
				LastUpgradeCheck = 1130;
				ORGANIZATIONNAME = "Emmanuel Castillo";
				TargetAttributes = {
					1477A59D2407379A00C2BEC7 = {
						CreatedOnToolsVersion = 11.3.1;
					};
					1477A5B32407379E00C2BEC7 = {
						CreatedOnToolsVersion = 11.3.1;
						TestTargetID = 1477A59D2407379A00C2BEC7;
					};
					1477A5BE2407379E00C2BEC7 = {
						CreatedOnToolsVersion = 11.3.1;
						TestTargetID = 1477A59D2407379A00C2BEC7;
					};
				};
			};
			buildConfigurationList = 1477A5992407379A00C2BEC7 /* Build configuration list for PBXProject "Parstagram" */;
			compatibilityVersion = "Xcode 9.3";
			developmentRegion = en;
			hasScannedForEncodings = 0;
			knownRegions = (
				en,
				Base,
			);
			mainGroup = 1477A5952407379A00C2BEC7;
			productRefGroup = 1477A59F2407379A00C2BEC7 /* Products */;
			projectDirPath = "";
			projectRoot = "";
			targets = (
				1477A59D2407379A00C2BEC7 /* Parstagram */,
				1477A5B32407379E00C2BEC7 /* ParstagramTests */,
				1477A5BE2407379E00C2BEC7 /* ParstagramUITests */,
			);
		};
/* End PBXProject section */

/* Begin PBXResourcesBuildPhase section */
		1477A59C2407379A00C2BEC7 /* Resources */ = {
			isa = PBXResourcesBuildPhase;
			buildActionMask = 2147483647;
			files = (
				1477A5AE2407379D00C2BEC7 /* LaunchScreen.storyboard in Resources */,
				1477A5AB2407379D00C2BEC7 /* Assets.xcassets in Resources */,
				1477A5A92407379A00C2BEC7 /* Main.storyboard in Resources */,
			);
			runOnlyForDeploymentPostprocessing = 0;
		};
		1477A5B22407379E00C2BEC7 /* Resources */ = {
			isa = PBXResourcesBuildPhase;
			buildActionMask = 2147483647;
			files = (
			);
			runOnlyForDeploymentPostprocessing = 0;
		};
		1477A5BD2407379E00C2BEC7 /* Resources */ = {
			isa = PBXResourcesBuildPhase;
			buildActionMask = 2147483647;
			files = (
			);
			runOnlyForDeploymentPostprocessing = 0;
		};
/* End PBXResourcesBuildPhase section */

/* Begin PBXShellScriptBuildPhase section */
		0B4E68C06EB4D9A7959A1E38 /* [CP] Check Pods Manifest.lock */ = {
			isa = PBXShellScriptBuildPhase;
			buildActionMask = 2147483647;
			files = (
			);
			inputFileListPaths = (
			);
			inputPaths = (
				"${PODS_PODFILE_DIR_PATH}/Podfile.lock",
				"${PODS_ROOT}/Manifest.lock",
			);
			name = "[CP] Check Pods Manifest.lock";
			outputFileListPaths = (
			);
			outputPaths = (
				"$(DERIVED_FILE_DIR)/Pods-ParstagramTests-checkManifestLockResult.txt",
			);
			runOnlyForDeploymentPostprocessing = 0;
			shellPath = /bin/sh;
			shellScript = "diff \"${PODS_PODFILE_DIR_PATH}/Podfile.lock\" \"${PODS_ROOT}/Manifest.lock\" > /dev/null\nif [ $? != 0 ] ; then\n    # print error to STDERR\n    echo \"error: The sandbox is not in sync with the Podfile.lock. Run 'pod install' or update your CocoaPods installation.\" >&2\n    exit 1\nfi\n# This output is used by Xcode 'outputs' to avoid re-running this script phase.\necho \"SUCCESS\" > \"${SCRIPT_OUTPUT_FILE_0}\"\n";
			showEnvVarsInLog = 0;
		};
		90D386A1766A1DCAF6A3EFFA /* [CP] Embed Pods Frameworks */ = {
			isa = PBXShellScriptBuildPhase;
			buildActionMask = 2147483647;
			files = (
			);
			inputFileListPaths = (
				"${PODS_ROOT}/Target Support Files/Pods-Parstagram/Pods-Parstagram-frameworks-${CONFIGURATION}-input-files.xcfilelist",
			);
			name = "[CP] Embed Pods Frameworks";
			outputFileListPaths = (
				"${PODS_ROOT}/Target Support Files/Pods-Parstagram/Pods-Parstagram-frameworks-${CONFIGURATION}-output-files.xcfilelist",
			);
			runOnlyForDeploymentPostprocessing = 0;
			shellPath = /bin/sh;
			shellScript = "\"${PODS_ROOT}/Target Support Files/Pods-Parstagram/Pods-Parstagram-frameworks.sh\"\n";
			showEnvVarsInLog = 0;
		};
		AB58C7B060081BB054654FEB /* [CP] Check Pods Manifest.lock */ = {
			isa = PBXShellScriptBuildPhase;
			buildActionMask = 2147483647;
			files = (
			);
			inputFileListPaths = (
			);
			inputPaths = (
				"${PODS_PODFILE_DIR_PATH}/Podfile.lock",
				"${PODS_ROOT}/Manifest.lock",
			);
			name = "[CP] Check Pods Manifest.lock";
			outputFileListPaths = (
			);
			outputPaths = (
				"$(DERIVED_FILE_DIR)/Pods-Parstagram-checkManifestLockResult.txt",
			);
			runOnlyForDeploymentPostprocessing = 0;
			shellPath = /bin/sh;
			shellScript = "diff \"${PODS_PODFILE_DIR_PATH}/Podfile.lock\" \"${PODS_ROOT}/Manifest.lock\" > /dev/null\nif [ $? != 0 ] ; then\n    # print error to STDERR\n    echo \"error: The sandbox is not in sync with the Podfile.lock. Run 'pod install' or update your CocoaPods installation.\" >&2\n    exit 1\nfi\n# This output is used by Xcode 'outputs' to avoid re-running this script phase.\necho \"SUCCESS\" > \"${SCRIPT_OUTPUT_FILE_0}\"\n";
			showEnvVarsInLog = 0;
		};
		B49EA43AF573CEF5CF3F8346 /* [CP] Embed Pods Frameworks */ = {
			isa = PBXShellScriptBuildPhase;
			buildActionMask = 2147483647;
			files = (
			);
			inputFileListPaths = (
				"${PODS_ROOT}/Target Support Files/Pods-Parstagram-ParstagramUITests/Pods-Parstagram-ParstagramUITests-frameworks-${CONFIGURATION}-input-files.xcfilelist",
			);
			name = "[CP] Embed Pods Frameworks";
			outputFileListPaths = (
				"${PODS_ROOT}/Target Support Files/Pods-Parstagram-ParstagramUITests/Pods-Parstagram-ParstagramUITests-frameworks-${CONFIGURATION}-output-files.xcfilelist",
			);
			runOnlyForDeploymentPostprocessing = 0;
			shellPath = /bin/sh;
			shellScript = "\"${PODS_ROOT}/Target Support Files/Pods-Parstagram-ParstagramUITests/Pods-Parstagram-ParstagramUITests-frameworks.sh\"\n";
			showEnvVarsInLog = 0;
		};
		F129D396713079126D1151E4 /* [CP] Check Pods Manifest.lock */ = {
			isa = PBXShellScriptBuildPhase;
			buildActionMask = 2147483647;
			files = (
			);
			inputFileListPaths = (
			);
			inputPaths = (
				"${PODS_PODFILE_DIR_PATH}/Podfile.lock",
				"${PODS_ROOT}/Manifest.lock",
			);
			name = "[CP] Check Pods Manifest.lock";
			outputFileListPaths = (
			);
			outputPaths = (
				"$(DERIVED_FILE_DIR)/Pods-Parstagram-ParstagramUITests-checkManifestLockResult.txt",
			);
			runOnlyForDeploymentPostprocessing = 0;
			shellPath = /bin/sh;
			shellScript = "diff \"${PODS_PODFILE_DIR_PATH}/Podfile.lock\" \"${PODS_ROOT}/Manifest.lock\" > /dev/null\nif [ $? != 0 ] ; then\n    # print error to STDERR\n    echo \"error: The sandbox is not in sync with the Podfile.lock. Run 'pod install' or update your CocoaPods installation.\" >&2\n    exit 1\nfi\n# This output is used by Xcode 'outputs' to avoid re-running this script phase.\necho \"SUCCESS\" > \"${SCRIPT_OUTPUT_FILE_0}\"\n";
			showEnvVarsInLog = 0;
		};
/* End PBXShellScriptBuildPhase section */

/* Begin PBXSourcesBuildPhase section */
		1477A59A2407379A00C2BEC7 /* Sources */ = {
			isa = PBXSourcesBuildPhase;
			buildActionMask = 2147483647;
			files = (
				1477A5D22407459400C2BEC7 /* LoginViewController.swift in Sources */,
				1477A5D6240750B100C2BEC7 /* CameraViewController.swift in Sources */,
				1477A5A22407379A00C2BEC7 /* AppDelegate.swift in Sources */,
				1477A5D4240745B900C2BEC7 /* FeedViewController.swift in Sources */,
				1477A5A42407379A00C2BEC7 /* SceneDelegate.swift in Sources */,
				1477A5D82408168D00C2BEC7 /* PostCell.swift in Sources */,
			);
			runOnlyForDeploymentPostprocessing = 0;
		};
		1477A5B02407379E00C2BEC7 /* Sources */ = {
			isa = PBXSourcesBuildPhase;
			buildActionMask = 2147483647;
			files = (
				1477A5B92407379E00C2BEC7 /* ParstagramTests.swift in Sources */,
			);
			runOnlyForDeploymentPostprocessing = 0;
		};
		1477A5BB2407379E00C2BEC7 /* Sources */ = {
			isa = PBXSourcesBuildPhase;
			buildActionMask = 2147483647;
			files = (
				1477A5C42407379E00C2BEC7 /* ParstagramUITests.swift in Sources */,
			);
			runOnlyForDeploymentPostprocessing = 0;
		};
/* End PBXSourcesBuildPhase section */

/* Begin PBXTargetDependency section */
		1477A5B62407379E00C2BEC7 /* PBXTargetDependency */ = {
			isa = PBXTargetDependency;
			target = 1477A59D2407379A00C2BEC7 /* Parstagram */;
			targetProxy = 1477A5B52407379E00C2BEC7 /* PBXContainerItemProxy */;
		};
		1477A5C12407379E00C2BEC7 /* PBXTargetDependency */ = {
			isa = PBXTargetDependency;
			target = 1477A59D2407379A00C2BEC7 /* Parstagram */;
			targetProxy = 1477A5C02407379E00C2BEC7 /* PBXContainerItemProxy */;
		};
/* End PBXTargetDependency section */

/* Begin PBXVariantGroup section */
		1477A5A72407379A00C2BEC7 /* Main.storyboard */ = {
			isa = PBXVariantGroup;
			children = (
				1477A5A82407379A00C2BEC7 /* Base */,
			);
			name = Main.storyboard;
			sourceTree = "<group>";
		};
		1477A5AC2407379D00C2BEC7 /* LaunchScreen.storyboard */ = {
			isa = PBXVariantGroup;
			children = (
				1477A5AD2407379D00C2BEC7 /* Base */,
			);
			name = LaunchScreen.storyboard;
			sourceTree = "<group>";
		};
/* End PBXVariantGroup section */

/* Begin XCBuildConfiguration section */
		1477A5C62407379E00C2BEC7 /* Debug */ = {
			isa = XCBuildConfiguration;
			buildSettings = {
				ALWAYS_SEARCH_USER_PATHS = NO;
				CLANG_ANALYZER_NONNULL = YES;
				CLANG_ANALYZER_NUMBER_OBJECT_CONVERSION = YES_AGGRESSIVE;
				CLANG_CXX_LANGUAGE_STANDARD = "gnu++14";
				CLANG_CXX_LIBRARY = "libc++";
				CLANG_ENABLE_MODULES = YES;
				CLANG_ENABLE_OBJC_ARC = YES;
				CLANG_ENABLE_OBJC_WEAK = YES;
				CLANG_WARN_BLOCK_CAPTURE_AUTORELEASING = YES;
				CLANG_WARN_BOOL_CONVERSION = YES;
				CLANG_WARN_COMMA = YES;
				CLANG_WARN_CONSTANT_CONVERSION = YES;
				CLANG_WARN_DEPRECATED_OBJC_IMPLEMENTATIONS = YES;
				CLANG_WARN_DIRECT_OBJC_ISA_USAGE = YES_ERROR;
				CLANG_WARN_DOCUMENTATION_COMMENTS = YES;
				CLANG_WARN_EMPTY_BODY = YES;
				CLANG_WARN_ENUM_CONVERSION = YES;
				CLANG_WARN_INFINITE_RECURSION = YES;
				CLANG_WARN_INT_CONVERSION = YES;
				CLANG_WARN_NON_LITERAL_NULL_CONVERSION = YES;
				CLANG_WARN_OBJC_IMPLICIT_RETAIN_SELF = YES;
				CLANG_WARN_OBJC_LITERAL_CONVERSION = YES;
				CLANG_WARN_OBJC_ROOT_CLASS = YES_ERROR;
				CLANG_WARN_RANGE_LOOP_ANALYSIS = YES;
				CLANG_WARN_STRICT_PROTOTYPES = YES;
				CLANG_WARN_SUSPICIOUS_MOVE = YES;
				CLANG_WARN_UNGUARDED_AVAILABILITY = YES_AGGRESSIVE;
				CLANG_WARN_UNREACHABLE_CODE = YES;
				CLANG_WARN__DUPLICATE_METHOD_MATCH = YES;
				COPY_PHASE_STRIP = NO;
				DEBUG_INFORMATION_FORMAT = dwarf;
				ENABLE_STRICT_OBJC_MSGSEND = YES;
				ENABLE_TESTABILITY = YES;
				GCC_C_LANGUAGE_STANDARD = gnu11;
				GCC_DYNAMIC_NO_PIC = NO;
				GCC_NO_COMMON_BLOCKS = YES;
				GCC_OPTIMIZATION_LEVEL = 0;
				GCC_PREPROCESSOR_DEFINITIONS = (
					"DEBUG=1",
					"$(inherited)",
				);
				GCC_WARN_64_TO_32_BIT_CONVERSION = YES;
				GCC_WARN_ABOUT_RETURN_TYPE = YES_ERROR;
				GCC_WARN_UNDECLARED_SELECTOR = YES;
				GCC_WARN_UNINITIALIZED_AUTOS = YES_AGGRESSIVE;
				GCC_WARN_UNUSED_FUNCTION = YES;
				GCC_WARN_UNUSED_VARIABLE = YES;
				IPHONEOS_DEPLOYMENT_TARGET = 13.2;
				MTL_ENABLE_DEBUG_INFO = INCLUDE_SOURCE;
				MTL_FAST_MATH = YES;
				ONLY_ACTIVE_ARCH = YES;
				SDKROOT = iphoneos;
				SWIFT_ACTIVE_COMPILATION_CONDITIONS = DEBUG;
				SWIFT_OPTIMIZATION_LEVEL = "-Onone";
			};
			name = Debug;
		};
		1477A5C72407379E00C2BEC7 /* Release */ = {
			isa = XCBuildConfiguration;
			buildSettings = {
				ALWAYS_SEARCH_USER_PATHS = NO;
				CLANG_ANALYZER_NONNULL = YES;
				CLANG_ANALYZER_NUMBER_OBJECT_CONVERSION = YES_AGGRESSIVE;
				CLANG_CXX_LANGUAGE_STANDARD = "gnu++14";
				CLANG_CXX_LIBRARY = "libc++";
				CLANG_ENABLE_MODULES = YES;
				CLANG_ENABLE_OBJC_ARC = YES;
				CLANG_ENABLE_OBJC_WEAK = YES;
				CLANG_WARN_BLOCK_CAPTURE_AUTORELEASING = YES;
				CLANG_WARN_BOOL_CONVERSION = YES;
				CLANG_WARN_COMMA = YES;
				CLANG_WARN_CONSTANT_CONVERSION = YES;
				CLANG_WARN_DEPRECATED_OBJC_IMPLEMENTATIONS = YES;
				CLANG_WARN_DIRECT_OBJC_ISA_USAGE = YES_ERROR;
				CLANG_WARN_DOCUMENTATION_COMMENTS = YES;
				CLANG_WARN_EMPTY_BODY = YES;
				CLANG_WARN_ENUM_CONVERSION = YES;
				CLANG_WARN_INFINITE_RECURSION = YES;
				CLANG_WARN_INT_CONVERSION = YES;
				CLANG_WARN_NON_LITERAL_NULL_CONVERSION = YES;
				CLANG_WARN_OBJC_IMPLICIT_RETAIN_SELF = YES;
				CLANG_WARN_OBJC_LITERAL_CONVERSION = YES;
				CLANG_WARN_OBJC_ROOT_CLASS = YES_ERROR;
				CLANG_WARN_RANGE_LOOP_ANALYSIS = YES;
				CLANG_WARN_STRICT_PROTOTYPES = YES;
				CLANG_WARN_SUSPICIOUS_MOVE = YES;
				CLANG_WARN_UNGUARDED_AVAILABILITY = YES_AGGRESSIVE;
				CLANG_WARN_UNREACHABLE_CODE = YES;
				CLANG_WARN__DUPLICATE_METHOD_MATCH = YES;
				COPY_PHASE_STRIP = NO;
				DEBUG_INFORMATION_FORMAT = "dwarf-with-dsym";
				ENABLE_NS_ASSERTIONS = NO;
				ENABLE_STRICT_OBJC_MSGSEND = YES;
				GCC_C_LANGUAGE_STANDARD = gnu11;
				GCC_NO_COMMON_BLOCKS = YES;
				GCC_WARN_64_TO_32_BIT_CONVERSION = YES;
				GCC_WARN_ABOUT_RETURN_TYPE = YES_ERROR;
				GCC_WARN_UNDECLARED_SELECTOR = YES;
				GCC_WARN_UNINITIALIZED_AUTOS = YES_AGGRESSIVE;
				GCC_WARN_UNUSED_FUNCTION = YES;
				GCC_WARN_UNUSED_VARIABLE = YES;
				IPHONEOS_DEPLOYMENT_TARGET = 13.2;
				MTL_ENABLE_DEBUG_INFO = NO;
				MTL_FAST_MATH = YES;
				SDKROOT = iphoneos;
				SWIFT_COMPILATION_MODE = wholemodule;
				SWIFT_OPTIMIZATION_LEVEL = "-O";
				VALIDATE_PRODUCT = YES;
			};
			name = Release;
		};
		1477A5C92407379E00C2BEC7 /* Debug */ = {
			isa = XCBuildConfiguration;
			baseConfigurationReference = D4B879EEEB2C141E8A583C6D /* Pods-Parstagram.debug.xcconfig */;
			buildSettings = {
				ASSETCATALOG_COMPILER_APPICON_NAME = AppIcon;
				CODE_SIGN_STYLE = Automatic;
				INFOPLIST_FILE = Parstagram/Info.plist;
				LD_RUNPATH_SEARCH_PATHS = (
					"$(inherited)",
					"@executable_path/Frameworks",
				);
				PRODUCT_BUNDLE_IDENTIFIER = EmmanuelCastillo.Parstagram;
				PRODUCT_NAME = "$(TARGET_NAME)";
				SWIFT_VERSION = 5.0;
				TARGETED_DEVICE_FAMILY = "1,2";
			};
			name = Debug;
		};
		1477A5CA2407379E00C2BEC7 /* Release */ = {
			isa = XCBuildConfiguration;
			baseConfigurationReference = C0C5787F5B6921BB031D5291 /* Pods-Parstagram.release.xcconfig */;
			buildSettings = {
				ASSETCATALOG_COMPILER_APPICON_NAME = AppIcon;
				CODE_SIGN_STYLE = Automatic;
				INFOPLIST_FILE = Parstagram/Info.plist;
				LD_RUNPATH_SEARCH_PATHS = (
					"$(inherited)",
					"@executable_path/Frameworks",
				);
				PRODUCT_BUNDLE_IDENTIFIER = EmmanuelCastillo.Parstagram;
				PRODUCT_NAME = "$(TARGET_NAME)";
				SWIFT_VERSION = 5.0;
				TARGETED_DEVICE_FAMILY = "1,2";
			};
			name = Release;
		};
		1477A5CC2407379E00C2BEC7 /* Debug */ = {
			isa = XCBuildConfiguration;
			baseConfigurationReference = D43C7789A09F77A90A1DFD67 /* Pods-ParstagramTests.debug.xcconfig */;
			buildSettings = {
				ALWAYS_EMBED_SWIFT_STANDARD_LIBRARIES = YES;
				BUNDLE_LOADER = "$(TEST_HOST)";
				CODE_SIGN_STYLE = Automatic;
				INFOPLIST_FILE = ParstagramTests/Info.plist;
				IPHONEOS_DEPLOYMENT_TARGET = 13.2;
				LD_RUNPATH_SEARCH_PATHS = (
					"$(inherited)",
					"@executable_path/Frameworks",
					"@loader_path/Frameworks",
				);
				PRODUCT_BUNDLE_IDENTIFIER = EmmanuelCastillo.ParstagramTests;
				PRODUCT_NAME = "$(TARGET_NAME)";
				SWIFT_VERSION = 5.0;
				TARGETED_DEVICE_FAMILY = "1,2";
				TEST_HOST = "$(BUILT_PRODUCTS_DIR)/Parstagram.app/Parstagram";
			};
			name = Debug;
		};
		1477A5CD2407379E00C2BEC7 /* Release */ = {
			isa = XCBuildConfiguration;
			baseConfigurationReference = AE81A0EEAA8EA14566316767 /* Pods-ParstagramTests.release.xcconfig */;
			buildSettings = {
				ALWAYS_EMBED_SWIFT_STANDARD_LIBRARIES = YES;
				BUNDLE_LOADER = "$(TEST_HOST)";
				CODE_SIGN_STYLE = Automatic;
				INFOPLIST_FILE = ParstagramTests/Info.plist;
				IPHONEOS_DEPLOYMENT_TARGET = 13.2;
				LD_RUNPATH_SEARCH_PATHS = (
					"$(inherited)",
					"@executable_path/Frameworks",
					"@loader_path/Frameworks",
				);
				PRODUCT_BUNDLE_IDENTIFIER = EmmanuelCastillo.ParstagramTests;
				PRODUCT_NAME = "$(TARGET_NAME)";
				SWIFT_VERSION = 5.0;
				TARGETED_DEVICE_FAMILY = "1,2";
				TEST_HOST = "$(BUILT_PRODUCTS_DIR)/Parstagram.app/Parstagram";
			};
			name = Release;
		};
		1477A5CF2407379E00C2BEC7 /* Debug */ = {
			isa = XCBuildConfiguration;
			baseConfigurationReference = 7C33190CC916401FBA2074F5 /* Pods-Parstagram-ParstagramUITests.debug.xcconfig */;
			buildSettings = {
				ALWAYS_EMBED_SWIFT_STANDARD_LIBRARIES = YES;
				CODE_SIGN_STYLE = Automatic;
				INFOPLIST_FILE = ParstagramUITests/Info.plist;
				LD_RUNPATH_SEARCH_PATHS = (
					"$(inherited)",
					"@executable_path/Frameworks",
					"@loader_path/Frameworks",
				);
				PRODUCT_BUNDLE_IDENTIFIER = EmmanuelCastillo.ParstagramUITests;
				PRODUCT_NAME = "$(TARGET_NAME)";
				SWIFT_VERSION = 5.0;
				TARGETED_DEVICE_FAMILY = "1,2";
				TEST_TARGET_NAME = Parstagram;
			};
			name = Debug;
		};
		1477A5D02407379E00C2BEC7 /* Release */ = {
			isa = XCBuildConfiguration;
			baseConfigurationReference = FF5B771A77B0402542B4EC24 /* Pods-Parstagram-ParstagramUITests.release.xcconfig */;
			buildSettings = {
				ALWAYS_EMBED_SWIFT_STANDARD_LIBRARIES = YES;
				CODE_SIGN_STYLE = Automatic;
				INFOPLIST_FILE = ParstagramUITests/Info.plist;
				LD_RUNPATH_SEARCH_PATHS = (
					"$(inherited)",
					"@executable_path/Frameworks",
					"@loader_path/Frameworks",
				);
				PRODUCT_BUNDLE_IDENTIFIER = EmmanuelCastillo.ParstagramUITests;
				PRODUCT_NAME = "$(TARGET_NAME)";
				SWIFT_VERSION = 5.0;
				TARGETED_DEVICE_FAMILY = "1,2";
				TEST_TARGET_NAME = Parstagram;
			};
			name = Release;
		};
/* End XCBuildConfiguration section */

/* Begin XCConfigurationList section */
		1477A5992407379A00C2BEC7 /* Build configuration list for PBXProject "Parstagram" */ = {
			isa = XCConfigurationList;
			buildConfigurations = (
				1477A5C62407379E00C2BEC7 /* Debug */,
				1477A5C72407379E00C2BEC7 /* Release */,
			);
			defaultConfigurationIsVisible = 0;
			defaultConfigurationName = Release;
		};
		1477A5C82407379E00C2BEC7 /* Build configuration list for PBXNativeTarget "Parstagram" */ = {
			isa = XCConfigurationList;
			buildConfigurations = (
				1477A5C92407379E00C2BEC7 /* Debug */,
				1477A5CA2407379E00C2BEC7 /* Release */,
			);
			defaultConfigurationIsVisible = 0;
			defaultConfigurationName = Release;
		};
		1477A5CB2407379E00C2BEC7 /* Build configuration list for PBXNativeTarget "ParstagramTests" */ = {
			isa = XCConfigurationList;
			buildConfigurations = (
				1477A5CC2407379E00C2BEC7 /* Debug */,
				1477A5CD2407379E00C2BEC7 /* Release */,
			);
			defaultConfigurationIsVisible = 0;
			defaultConfigurationName = Release;
		};
		1477A5CE2407379E00C2BEC7 /* Build configuration list for PBXNativeTarget "ParstagramUITests" */ = {
			isa = XCConfigurationList;
			buildConfigurations = (
				1477A5CF2407379E00C2BEC7 /* Debug */,
				1477A5D02407379E00C2BEC7 /* Release */,
			);
			defaultConfigurationIsVisible = 0;
			defaultConfigurationName = Release;
		};
/* End XCConfigurationList section */
	};
	rootObject = 1477A5962407379A00C2BEC7 /* Project object */;
}
